
Microsoft Visual Studio Solution File, Format Version 12.00
# Visual Studio Version 17
VisualStudioVersion = 17.0.31912.275
MinimumVisualStudioVersion = 10.0.40219.1
Project("{9A19103F-16F7-4668-BE54-9A1E7A4F7556}") = "Domain", "Domain\Domain.csproj", "{CD0F6EA1-5B5B-4EC1-BE9E-92D9589F0555}"
EndProject
Project("{9A19103F-16F7-4668-BE54-9A1E7A4F7556}") = "Api", "Api\Api.csproj", "{76A022B5-1A74-44C6-BB98-12A1C95C9B53}"
EndProject
Project("{9A19103F-16F7-4668-BE54-9A1E7A4F7556}") = "PageObjects", "PageObjects\PageObjects.csproj", "{F61016DF-EB3F-446C-9762-6557F4B54CCA}"
EndProject
Project("{9A19103F-16F7-4668-BE54-9A1E7A4F7556}") = "Leadsly.Models", "..\Leadsly.Models\Leadsly.Models\Leadsly.Models.csproj", "{D9A3F7C8-4DCD-4DF7-B729-722E45A91168}"
EndProject
Project("{9A19103F-16F7-4668-BE54-9A1E7A4F7556}") = "Leadsly.Shared.Api", "..\Leadsly.Shared.Api\Leadsly.Shared.Api\Leadsly.Shared.Api.csproj", "{FE1BC6F9-47C7-4B6A-8A97-029479E45561}"
EndProject
Project("{9A19103F-16F7-4668-BE54-9A1E7A4F7556}") = "Leadsly.Shared.Domain", "..\Leadsly.Shared.Domain\Leadsly.Shared.Domain\Leadsly.Shared.Domain.csproj", "{00EDA4D8-770F-4C45-90A6-DFC1A58412CB}"
EndProject
Global
	GlobalSection(SolutionConfigurationPlatforms) = preSolution
		Debug|Any CPU = Debug|Any CPU
		Release|Any CPU = Release|Any CPU
	EndGlobalSection
	GlobalSection(ProjectConfigurationPlatforms) = postSolution
		{CD0F6EA1-5B5B-4EC1-BE9E-92D9589F0555}.Debug|Any CPU.ActiveCfg = Debug|Any CPU
		{CD0F6EA1-5B5B-4EC1-BE9E-92D9589F0555}.Debug|Any CPU.Build.0 = Debug|Any CPU
		{CD0F6EA1-5B5B-4EC1-BE9E-92D9589F0555}.Release|Any CPU.ActiveCfg = Release|Any CPU
		{CD0F6EA1-5B5B-4EC1-BE9E-92D9589F0555}.Release|Any CPU.Build.0 = Release|Any CPU
		{76A022B5-1A74-44C6-BB98-12A1C95C9B53}.Debug|Any CPU.ActiveCfg = Debug|Any CPU
		{76A022B5-1A74-44C6-BB98-12A1C95C9B53}.Debug|Any CPU.Build.0 = Debug|Any CPU
		{76A022B5-1A74-44C6-BB98-12A1C95C9B53}.Release|Any CPU.ActiveCfg = Release|Any CPU
		{76A022B5-1A74-44C6-BB98-12A1C95C9B53}.Release|Any CPU.Build.0 = Release|Any CPU
		{F61016DF-EB3F-446C-9762-6557F4B54CCA}.Debug|Any CPU.ActiveCfg = Debug|Any CPU
		{F61016DF-EB3F-446C-9762-6557F4B54CCA}.Debug|Any CPU.Build.0 = Debug|Any CPU
		{F61016DF-EB3F-446C-9762-6557F4B54CCA}.Release|Any CPU.ActiveCfg = Release|Any CPU
		{F61016DF-EB3F-446C-9762-6557F4B54CCA}.Release|Any CPU.Build.0 = Release|Any CPU
		{D9A3F7C8-4DCD-4DF7-B729-722E45A91168}.Debug|Any CPU.ActiveCfg = Debug|Any CPU
		{D9A3F7C8-4DCD-4DF7-B729-722E45A91168}.Debug|Any CPU.Build.0 = Debug|Any CPU
		{D9A3F7C8-4DCD-4DF7-B729-722E45A91168}.Release|Any CPU.ActiveCfg = Release|Any CPU
		{D9A3F7C8-4DCD-4DF7-B729-722E45A91168}.Release|Any CPU.Build.0 = Release|Any CPU
		{FE1BC6F9-47C7-4B6A-8A97-029479E45561}.Debug|Any CPU.ActiveCfg = Debug|Any CPU
		{FE1BC6F9-47C7-4B6A-8A97-029479E45561}.Debug|Any CPU.Build.0 = Debug|Any CPU
		{FE1BC6F9-47C7-4B6A-8A97-029479E45561}.Release|Any CPU.ActiveCfg = Release|Any CPU
		{FE1BC6F9-47C7-4B6A-8A97-029479E45561}.Release|Any CPU.Build.0 = Release|Any CPU
		{00EDA4D8-770F-4C45-90A6-DFC1A58412CB}.Debug|Any CPU.ActiveCfg = Debug|Any CPU
		{00EDA4D8-770F-4C45-90A6-DFC1A58412CB}.Debug|Any CPU.Build.0 = Debug|Any CPU
		{00EDA4D8-770F-4C45-90A6-DFC1A58412CB}.Release|Any CPU.ActiveCfg = Release|Any CPU
		{00EDA4D8-770F-4C45-90A6-DFC1A58412CB}.Release|Any CPU.Build.0 = Release|Any CPU
	EndGlobalSection
	GlobalSection(SolutionProperties) = preSolution
		HideSolutionNode = FALSE
	EndGlobalSection
	GlobalSection(ExtensibilityGlobals) = postSolution
		SolutionGuid = {AB362FAD-0746-4527-8FFA-B31C6962A698}
	EndGlobalSection
EndGlobal
