
Microsoft Visual Studio Solution File, Format Version 12.00
# Visual Studio Version 16
VisualStudioVersion = 16.0.30523.141
MinimumVisualStudioVersion = 10.0.40219.1
Project("{FAE04EC0-301F-11D3-BF4B-00C04F79EFBC}") = "API", "WebApplication1\API.csproj", "{CA48D8C4-86FC-4F11-8787-7295EED4757E}"
EndProject
Project("{FAE04EC0-301F-11D3-BF4B-00C04F79EFBC}") = "DataCore", "DataCore\DataCore.csproj", "{3EBD6C94-43DC-4926-83C1-5224E50AD002}"
EndProject
Project("{FAE04EC0-301F-11D3-BF4B-00C04F79EFBC}") = "Domain", "Domain\Domain.csproj", "{CD0F6EA1-5B5B-4EC1-BE9E-92D9589F0555}"
EndProject
Global
	GlobalSection(SolutionConfigurationPlatforms) = preSolution
		Debug|Any CPU = Debug|Any CPU
		Release|Any CPU = Release|Any CPU
	EndGlobalSection
	GlobalSection(ProjectConfigurationPlatforms) = postSolution
		{CA48D8C4-86FC-4F11-8787-7295EED4757E}.Debug|Any CPU.ActiveCfg = Debug|Any CPU
		{CA48D8C4-86FC-4F11-8787-7295EED4757E}.Debug|Any CPU.Build.0 = Debug|Any CPU
		{CA48D8C4-86FC-4F11-8787-7295EED4757E}.Release|Any CPU.ActiveCfg = Release|Any CPU
		{CA48D8C4-86FC-4F11-8787-7295EED4757E}.Release|Any CPU.Build.0 = Release|Any CPU
		{3EBD6C94-43DC-4926-83C1-5224E50AD002}.Debug|Any CPU.ActiveCfg = Debug|Any CPU
		{3EBD6C94-43DC-4926-83C1-5224E50AD002}.Debug|Any CPU.Build.0 = Debug|Any CPU
		{3EBD6C94-43DC-4926-83C1-5224E50AD002}.Release|Any CPU.ActiveCfg = Release|Any CPU
		{3EBD6C94-43DC-4926-83C1-5224E50AD002}.Release|Any CPU.Build.0 = Release|Any CPU
		{CD0F6EA1-5B5B-4EC1-BE9E-92D9589F0555}.Debug|Any CPU.ActiveCfg = Debug|Any CPU
		{CD0F6EA1-5B5B-4EC1-BE9E-92D9589F0555}.Debug|Any CPU.Build.0 = Debug|Any CPU
		{CD0F6EA1-5B5B-4EC1-BE9E-92D9589F0555}.Release|Any CPU.ActiveCfg = Release|Any CPU
		{CD0F6EA1-5B5B-4EC1-BE9E-92D9589F0555}.Release|Any CPU.Build.0 = Release|Any CPU
	EndGlobalSection
	GlobalSection(SolutionProperties) = preSolution
		HideSolutionNode = FALSE
	EndGlobalSection
	GlobalSection(ExtensibilityGlobals) = postSolution
		SolutionGuid = {AB362FAD-0746-4527-8FFA-B31C6962A698}
	EndGlobalSection
EndGlobal
